<?xml version="1.0" encoding="utf-8"?>
<Project ToolsVersion="4.0" xmlns="http://schemas.microsoft.com/developer/msbuild/2003">
  <ItemGroup>
    <Filter Include="소스 파일">
      <UniqueIdentifier>{4FC737F1-C7A5-4376-A066-2A32D752A2FF}</UniqueIdentifier>
      <Extensions>cpp;c;cc;cxx;def;odl;idl;hpj;bat;asm;asmx</Extensions>
    </Filter>
    <Filter Include="리소스 파일">
      <UniqueIdentifier>{67DA6AB6-F800-4c08-8B7A-83BB121AAD01}</UniqueIdentifier>
      <Extensions>rc;ico;cur;bmp;dlg;rc2;rct;bin;rgs;gif;jpg;jpeg;jpe;resx;tiff;tif;png;wav;mfcribbon-ms</Extensions>
    </Filter>
    <Filter Include="00. MainApp">
      <UniqueIdentifier>{5fe1d9ea-debc-4be3-8a34-8b8186257072}</UniqueIdentifier>
    </Filter>
    <Filter Include="98. 헤더 파일">
      <UniqueIdentifier>{93995380-89BD-4b04-88EB-625FBE52EBFB}</UniqueIdentifier>
      <Extensions>h;hh;hpp;hxx;hm;inl;inc;xsd</Extensions>
    </Filter>
    <Filter Include="02. GameObject">
      <UniqueIdentifier>{95a270bf-7bd6-4a93-8b07-b30056eb72c6}</UniqueIdentifier>
    </Filter>
    <Filter Include="02. GameObject\00. BackGround">
      <UniqueIdentifier>{4808e9a5-4af1-47cf-90ee-151a7b0a4953}</UniqueIdentifier>
    </Filter>
    <Filter Include="02. GameObject\01. Player">
      <UniqueIdentifier>{04c90d36-6229-46c0-8826-a1ade4ac709f}</UniqueIdentifier>
    </Filter>
    <Filter Include="02. GameObject\02. Monster">
      <UniqueIdentifier>{899b3668-e507-41dd-8e0f-3f5e6eff5a32}</UniqueIdentifier>
    </Filter>
    <Filter Include="02. GameObject\03. Terrain">
      <UniqueIdentifier>{ab2dfabd-a026-429b-a764-4d6eccdb85be}</UniqueIdentifier>
    </Filter>
    <Filter Include="02. GameObject\05. SkyBox">
      <UniqueIdentifier>{87ef62ff-8a46-4795-9aaf-fdc5b775ac1d}</UniqueIdentifier>
    </Filter>
    <Filter Include="02. GameObject\06. Stone">
      <UniqueIdentifier>{122bb535-bdc6-4127-8185-ea2223a8de2e}</UniqueIdentifier>
    </Filter>
    <Filter Include="02. GameObject\07. Sword">
      <UniqueIdentifier>{3d17e788-04fe-4751-b8c3-23cd8cb08c6f}</UniqueIdentifier>
    </Filter>
    <Filter Include="02. GameObject\08. Tree">
      <UniqueIdentifier>{160098f9-09f9-40c4-8f19-babc83da60c7}</UniqueIdentifier>
    </Filter>
    <Filter Include="98. 헤더 파일\09. Effect">
      <UniqueIdentifier>{a6a76f23-d713-4cd7-ae3b-f4249a5e03b1}</UniqueIdentifier>
    </Filter>
    <Filter Include="02. GameObject\09. Map">
      <UniqueIdentifier>{e3ec8e5a-567b-4fc0-b751-971e2ce4314a}</UniqueIdentifier>
    </Filter>
    <Filter Include="00. MainApp\01. Scene">
      <UniqueIdentifier>{38698c37-b18b-41b2-b50e-9382e132ece6}</UniqueIdentifier>
    </Filter>
    <Filter Include="00. MainApp\01. Scene\00. Logo">
      <UniqueIdentifier>{fba647e0-b0ec-40d1-95d5-4181fa4785ab}</UniqueIdentifier>
    </Filter>
    <Filter Include="00. MainApp\01. Scene\01. Stage">
      <UniqueIdentifier>{cd37aa50-4a87-488c-a2ef-236962f29de8}</UniqueIdentifier>
    </Filter>
    <Filter Include="00. MainApp\01. Scene\02. Public">
      <UniqueIdentifier>{6962a34b-6628-4616-ac1f-ca8d38805a88}</UniqueIdentifier>
    </Filter>
    <Filter Include="00. MainApp\01. Scene\02. Public\Loading">
      <UniqueIdentifier>{1b6e9d90-40c2-4a94-bcb6-f7971569aba4}</UniqueIdentifier>
    </Filter>
    <Filter Include="02. GameObject\02. Monster\00.NPC">
      <UniqueIdentifier>{0c6ea72b-f412-4966-b434-317ab265facd}</UniqueIdentifier>
    </Filter>
    <Filter Include="02. GameObject\10.UI">
      <UniqueIdentifier>{5b675db0-937f-4a17-937b-d135e5da0b68}</UniqueIdentifier>
    </Filter>
    <Filter Include="02. GameObject\10.UI\Monster">
      <UniqueIdentifier>{28157fd8-5eb9-43ed-8c6b-7dc6de27ac14}</UniqueIdentifier>
    </Filter>
    <Filter Include="02. GameObject\10.UI\Font">
      <UniqueIdentifier>{ce0567fa-2a96-427b-a6aa-09298e4a058d}</UniqueIdentifier>
    </Filter>
    <Filter Include="02. GameObject\11.Item">
      <UniqueIdentifier>{2bd0dc9d-051c-440f-9a6f-63436f23eb65}</UniqueIdentifier>
    </Filter>
    <Filter Include="02. GameObject\11.Item\Armor">
      <UniqueIdentifier>{66e4904e-c8d7-48fd-bfae-b81e653f0732}</UniqueIdentifier>
    </Filter>
    <Filter Include="02. GameObject\01. Player\Armor">
      <UniqueIdentifier>{afc9a569-bd05-4d4e-8617-f1879e20d1ec}</UniqueIdentifier>
    </Filter>
    <Filter Include="02. GameObject\Camera">
      <UniqueIdentifier>{5322141c-d5f8-4d02-9104-03c6aa27d286}</UniqueIdentifier>
    </Filter>
    <Filter Include="02. GameObject\12.Effect">
      <UniqueIdentifier>{84688ecf-4822-42ae-bc04-fe10819b13bb}</UniqueIdentifier>
    </Filter>
    <Filter Include="02. GameObject\02. Monster\NewFilter1">
      <UniqueIdentifier>{6a51f88d-6b6c-459e-a08d-7031ae45e5b8}</UniqueIdentifier>
    </Filter>
    <Filter Include="Sound">
      <UniqueIdentifier>{b1b2d1ce-16de-4723-a9e2-433f400ed7eb}</UniqueIdentifier>
    </Filter>
    <Filter Include="02. GameObject\02. Monster\00.NPC\State">
      <UniqueIdentifier>{a0af8f92-37fb-4e5b-a3b1-fc88b426d484}</UniqueIdentifier>
    </Filter>
  </ItemGroup>
  <ItemGroup>
    <Text Include="ReadMe.txt" />
  </ItemGroup>
  <ItemGroup>
    <ClInclude Include="stdafx.h">
      <Filter>98. 헤더 파일</Filter>
    </ClInclude>
    <ClInclude Include="targetver.h">
      <Filter>98. 헤더 파일</Filter>
    </ClInclude>
    <ClInclude Include="Resource.h">
      <Filter>98. 헤더 파일</Filter>
    </ClInclude>
    <ClInclude Include="Client.h">
      <Filter>98. 헤더 파일</Filter>
    </ClInclude>
    <ClInclude Include="..\Code\MainApp.h">
      <Filter>00. MainApp</Filter>
    </ClInclude>
    <ClInclude Include="..\Code\Define.h">
      <Filter>98. 헤더 파일</Filter>
    </ClInclude>
    <ClInclude Include="..\Code\Logo.h">
      <Filter>00. MainApp\01. Scene\00. Logo</Filter>
    </ClInclude>
    <ClInclude Include="..\Code\BackGround.h">
      <Filter>02. GameObject\00. BackGround</Filter>
    </ClInclude>
    <ClInclude Include="..\Code\Player.h">
      <Filter>02. GameObject\01. Player</Filter>
    </ClInclude>
    <ClInclude Include="..\Code\Monster.h">
      <Filter>02. GameObject\02. Monster</Filter>
    </ClInclude>
    <ClInclude Include="..\Code\Stage.h">
      <Filter>00. MainApp\01. Scene\01. Stage</Filter>
    </ClInclude>
    <ClInclude Include="..\Code\Loading.h">
      <Filter>00. MainApp\01. Scene\02. Public\Loading</Filter>
    </ClInclude>
    <ClInclude Include="..\Code\Terrain.h">
      <Filter>02. GameObject\03. Terrain</Filter>
    </ClInclude>
    <ClInclude Include="..\Code\DynamicCamera.h">
      <Filter>02. GameObject\Camera</Filter>
    </ClInclude>
    <ClInclude Include="..\Code\SkyBox.h">
      <Filter>02. GameObject\05. SkyBox</Filter>
    </ClInclude>
    <ClInclude Include="..\Code\Stone.h">
      <Filter>02. GameObject\06. Stone</Filter>
    </ClInclude>
    <ClInclude Include="..\Code\Sword.h">
      <Filter>02. GameObject\07. Sword</Filter>
    </ClInclude>
    <ClInclude Include="..\Code\Tree.h">
      <Filter>02. GameObject\08. Tree</Filter>
    </ClInclude>
    <ClInclude Include="..\Code\Monster_draugr.h">
      <Filter>02. GameObject\02. Monster</Filter>
    </ClInclude>
    <ClInclude Include="..\Code\Skyheaventemple.h">
      <Filter>02. GameObject\09. Map</Filter>
    </ClInclude>
    <ClInclude Include="..\Code\CStatic_Object.h">
      <Filter>02. GameObject\09. Map</Filter>
    </ClInclude>
    <ClInclude Include="..\Code\GuardMan.h">
      <Filter>02. GameObject\02. Monster\00.NPC</Filter>
    </ClInclude>
    <ClInclude Include="..\Code\imperialSword.h">
      <Filter>02. GameObject\07. Sword</Filter>
    </ClInclude>
    <ClInclude Include="..\Code\UI.h">
      <Filter>02. GameObject\10.UI</Filter>
    </ClInclude>
    <ClInclude Include="..\Code\Hp.h">
      <Filter>02. GameObject\10.UI</Filter>
    </ClInclude>
    <ClInclude Include="..\Code\Mp.h">
      <Filter>02. GameObject\10.UI</Filter>
    </ClInclude>
    <ClInclude Include="..\Code\Sp.h">
      <Filter>02. GameObject\10.UI</Filter>
    </ClInclude>
    <ClInclude Include="..\Code\Dialog.h">
      <Filter>02. GameObject\10.UI</Filter>
    </ClInclude>
    <ClInclude Include="..\Code\MonsterBar.h">
      <Filter>02. GameObject\10.UI\Monster</Filter>
    </ClInclude>
    <ClInclude Include="..\Code\MonsterHP.h">
      <Filter>02. GameObject\10.UI\Monster</Filter>
    </ClInclude>
    <ClInclude Include="..\Code\Font_texture.h">
      <Filter>02. GameObject\10.UI\Font</Filter>
    </ClInclude>
    <ClInclude Include="..\Code\CItem.h">
      <Filter>02. GameObject\11.Item</Filter>
    </ClInclude>
    <ClInclude Include="..\Code\PlayerArmor.h">
      <Filter>02. GameObject\01. Player\Armor</Filter>
    </ClInclude>
    <ClInclude Include="..\Code\PlayerBoots.h">
      <Filter>02. GameObject\01. Player\Armor</Filter>
    </ClInclude>
    <ClInclude Include="..\Code\PlayerGauntlet.h">
      <Filter>02. GameObject\01. Player\Armor</Filter>
    </ClInclude>
    <ClInclude Include="..\Code\PlayerHelmet.h">
      <Filter>02. GameObject\01. Player\Armor</Filter>
    </ClInclude>
    <ClInclude Include="..\Code\CItemObject.h">
      <Filter>02. GameObject\11.Item</Filter>
    </ClInclude>
    <ClInclude Include="..\Code\StaticCamera.h">
      <Filter>02. GameObject\Camera</Filter>
    </ClInclude>
    <ClInclude Include="..\Code\NPC.h">
      <Filter>02. GameObject\02. Monster\00.NPC</Filter>
    </ClInclude>
    <ClInclude Include="..\Code\Effect.h">
      <Filter>02. GameObject\12.Effect</Filter>
    </ClInclude>
    <ClInclude Include="..\Code\Dragon.h">
      <Filter>02. GameObject\02. Monster</Filter>
    </ClInclude>
    <ClInclude Include="..\Code\DragonEffect.h">
      <Filter>02. GameObject\12.Effect</Filter>
    </ClInclude>
    <ClInclude Include="..\Code\Breath.h">
      <Filter>02. GameObject\12.Effect</Filter>
    </ClInclude>
    <ClInclude Include="..\Code\Trap.h">
      <Filter>02. GameObject\02. Monster\NewFilter1</Filter>
    </ClInclude>
    <ClInclude Include="..\Code\CSoundMgr.h">
      <Filter>Sound</Filter>
    </ClInclude>
    <ClInclude Include="headrs.h">
      <Filter>98. 헤더 파일</Filter>
    </ClInclude>
    <ClInclude Include="..\Code\CNPC_State.h">
      <Filter>02. GameObject\02. Monster\00.NPC\State</Filter>
    </ClInclude>
    <ClInclude Include="..\Code\NPCState_Normal.h">
      <Filter>02. GameObject\02. Monster\00.NPC\State</Filter>
    </ClInclude>
    <ClInclude Include="..\Code\NPCState_Battle.h">
      <Filter>02. GameObject\02. Monster\00.NPC\State</Filter>
    </ClInclude>
    <ClInclude Include="..\Code\NPCState_GoHome.h">
      <Filter>02. GameObject\02. Monster\00.NPC\State</Filter>
    </ClInclude>
    <ClInclude Include="..\Code\NPCState_Mealtime.h">
      <Filter>02. GameObject\02. Monster\00.NPC\State</Filter>
    </ClInclude>
  </ItemGroup>
  <ItemGroup>
    <ClCompile Include="stdafx.cpp">
      <Filter>소스 파일</Filter>
    </ClCompile>
    <ClCompile Include="Client.cpp">
      <Filter>소스 파일</Filter>
    </ClCompile>
    <ClCompile Include="..\Code\MainApp.cpp">
      <Filter>00. MainApp</Filter>
    </ClCompile>
    <ClCompile Include="..\Code\Logo.cpp">
      <Filter>00. MainApp\01. Scene\00. Logo</Filter>
    </ClCompile>
    <ClCompile Include="..\Code\BackGround.cpp">
      <Filter>02. GameObject\00. BackGround</Filter>
    </ClCompile>
    <ClCompile Include="..\Code\Player.cpp">
      <Filter>02. GameObject\01. Player</Filter>
    </ClCompile>
    <ClCompile Include="..\Code\Monster.cpp">
      <Filter>02. GameObject\02. Monster</Filter>
    </ClCompile>
    <ClCompile Include="..\Code\Stage.cpp">
      <Filter>00. MainApp\01. Scene\01. Stage</Filter>
    </ClCompile>
    <ClCompile Include="..\Code\Loading.cpp">
      <Filter>00. MainApp\01. Scene\02. Public\Loading</Filter>
    </ClCompile>
    <ClCompile Include="..\Code\Terrain.cpp">
      <Filter>02. GameObject\03. Terrain</Filter>
    </ClCompile>
    <ClCompile Include="..\Code\DynamicCamera.cpp">
      <Filter>02. GameObject\Camera</Filter>
    </ClCompile>
    <ClCompile Include="..\Code\SkyBox.cpp">
      <Filter>02. GameObject\05. SkyBox</Filter>
    </ClCompile>
    <ClCompile Include="..\Code\Stone.cpp">
      <Filter>02. GameObject\06. Stone</Filter>
    </ClCompile>
    <ClCompile Include="..\Code\Sword.cpp">
      <Filter>02. GameObject\07. Sword</Filter>
    </ClCompile>
    <ClCompile Include="..\Code\Tree.cpp">
      <Filter>02. GameObject\08. Tree</Filter>
    </ClCompile>
    <ClCompile Include="..\Code\Monster_draugr.cpp">
      <Filter>02. GameObject\02. Monster</Filter>
    </ClCompile>
    <ClCompile Include="..\Code\Skyheaventemple.cpp">
      <Filter>02. GameObject\09. Map</Filter>
    </ClCompile>
    <ClCompile Include="..\Code\CStatic_Object.cpp">
      <Filter>02. GameObject\09. Map</Filter>
    </ClCompile>
    <ClCompile Include="..\Code\GuardMan.cpp">
      <Filter>02. GameObject\02. Monster\00.NPC</Filter>
    </ClCompile>
    <ClCompile Include="..\Code\imperialSword.cpp">
      <Filter>02. GameObject\07. Sword</Filter>
    </ClCompile>
    <ClCompile Include="..\Code\UI.cpp">
      <Filter>02. GameObject\10.UI</Filter>
    </ClCompile>
    <ClCompile Include="..\Code\Hp.cpp">
      <Filter>02. GameObject\10.UI</Filter>
    </ClCompile>
    <ClCompile Include="..\Code\Mp.cpp">
      <Filter>02. GameObject\10.UI</Filter>
    </ClCompile>
    <ClCompile Include="..\Code\Sp.cpp">
      <Filter>02. GameObject\10.UI</Filter>
    </ClCompile>
    <ClCompile Include="..\Code\Dialog.cpp">
      <Filter>02. GameObject\10.UI</Filter>
    </ClCompile>
    <ClCompile Include="..\Code\MonsterBar.cpp">
      <Filter>02. GameObject\10.UI\Monster</Filter>
    </ClCompile>
    <ClCompile Include="..\Code\MonsterHP.cpp">
      <Filter>02. GameObject\10.UI\Monster</Filter>
    </ClCompile>
    <ClCompile Include="..\Code\Font_texture.cpp">
      <Filter>02. GameObject\10.UI\Font</Filter>
    </ClCompile>
    <ClCompile Include="..\Code\CItem.cpp">
      <Filter>02. GameObject\11.Item</Filter>
    </ClCompile>
    <ClCompile Include="..\Code\PlayerArmor.cpp">
      <Filter>02. GameObject\01. Player\Armor</Filter>
    </ClCompile>
    <ClCompile Include="..\Code\PlayerBoots.cpp">
      <Filter>02. GameObject\01. Player\Armor</Filter>
    </ClCompile>
    <ClCompile Include="..\Code\PlayerGauntlet.cpp">
      <Filter>02. GameObject\01. Player\Armor</Filter>
    </ClCompile>
    <ClCompile Include="..\Code\PlayerHelmet.cpp">
      <Filter>02. GameObject\01. Player\Armor</Filter>
    </ClCompile>
    <ClCompile Include="..\Code\CItemObject.cpp">
      <Filter>02. GameObject\11.Item</Filter>
    </ClCompile>
    <ClCompile Include="..\Code\StaticCamera.cpp">
      <Filter>02. GameObject\Camera</Filter>
    </ClCompile>
    <ClCompile Include="..\Code\NPC.cpp">
      <Filter>02. GameObject\02. Monster\00.NPC</Filter>
    </ClCompile>
    <ClCompile Include="..\Code\Effect.cpp">
      <Filter>02. GameObject\12.Effect</Filter>
    </ClCompile>
    <ClCompile Include="..\Code\Dragon.cpp">
      <Filter>02. GameObject\02. Monster</Filter>
    </ClCompile>
    <ClCompile Include="..\Code\DragonEffect.cpp">
      <Filter>02. GameObject\12.Effect</Filter>
    </ClCompile>
    <ClCompile Include="..\Code\Breath.cpp">
      <Filter>02. GameObject\12.Effect</Filter>
    </ClCompile>
    <ClCompile Include="..\Code\Trap.cpp">
      <Filter>02. GameObject\02. Monster\NewFilter1</Filter>
    </ClCompile>
    <ClCompile Include="..\Code\CSoundMgr.cpp">
      <Filter>Sound</Filter>
    </ClCompile>
    <ClCompile Include="..\Code\CNPC_State.cpp">
      <Filter>02. GameObject\02. Monster\00.NPC\State</Filter>
    </ClCompile>
    <ClCompile Include="..\Code\NPCState_Normal.cpp">
      <Filter>02. GameObject\02. Monster\00.NPC\State</Filter>
    </ClCompile>
    <ClCompile Include="..\Code\NPCState_Battle.cpp">
      <Filter>02. GameObject\02. Monster\00.NPC\State</Filter>
    </ClCompile>
    <ClCompile Include="..\Code\NPCState_GoHome.cpp">
      <Filter>02. GameObject\02. Monster\00.NPC\State</Filter>
    </ClCompile>
    <ClCompile Include="..\Code\NPCState_Mealtime.cpp">
      <Filter>02. GameObject\02. Monster\00.NPC\State</Filter>
    </ClCompile>
  </ItemGroup>
  <ItemGroup>
    <ResourceCompile Include="Client.rc">
      <Filter>리소스 파일</Filter>
    </ResourceCompile>
  </ItemGroup>
  <ItemGroup>
    <Image Include="small.ico">
      <Filter>리소스 파일</Filter>
    </Image>
    <Image Include="Client.ico">
      <Filter>리소스 파일</Filter>
    </Image>
    <Image Include="icon1.ico">
      <Filter>리소스 파일</Filter>
    </Image>
  </ItemGroup>
  <ItemGroup>
    <None Include="cursor1.cur">
      <Filter>리소스 파일</Filter>
    </None>
    <None Include="..\Bin\Resource\Texture\UI\cursor.cur">
      <Filter>리소스 파일</Filter>
    </None>
    <None Include="..\bin\resource\texture\ui\cursor3.cur">
      <Filter>리소스 파일</Filter>
    </None>
  </ItemGroup>
</Project>